<?xml version="1.0" encoding="utf-8"?>
<Project ToolsVersion="4.0" xmlns="http://schemas.microsoft.com/developer/msbuild/2003">
  <ItemGroup>
    <Filter Include="LeftBar">
      <UniqueIdentifier>{55df4521-ac56-4d73-9274-0c20095048b7}</UniqueIdentifier>
    </Filter>
    <Filter Include="Main">
      <UniqueIdentifier>{4FC737F1-C7A5-4376-A066-2A32D752A2FF}</UniqueIdentifier>
      <Extensions>cpp;c;cc;cxx;c++;cppm;ixx;def;odl;idl;hpj;bat;asm;asmx</Extensions>
    </Filter>
    <Filter Include="Middle">
      <UniqueIdentifier>{93995380-89BD-4b04-88EB-625FBE52EBFB}</UniqueIdentifier>
      <Extensions>h;hh;hpp;hxx;h++;hm;inl;inc;ipp;xsd</Extensions>
    </Filter>
    <Filter Include="RightBar">
      <UniqueIdentifier>{6590cbf9-11f7-4c2c-9090-649fa4753993}</UniqueIdentifier>
    </Filter>
    <Filter Include="Settings">
      <UniqueIdentifier>{450eeaa0-f6a6-4b7d-a86d-7d5f3e9a186d}</UniqueIdentifier>
    </Filter>
  </ItemGroup>
  <ItemGroup>
    <ClCompile Include="DaysOfTheWeek.cpp">
      <Filter>Middle</Filter>
    </ClCompile>
    <ClCompile Include="Background.cpp">
      <Filter>Middle</Filter>
    </ClCompile>
    <ClCompile Include="DaysBoxes.cpp">
      <Filter>Middle</Filter>
    </ClCompile>
    <ClCompile Include="Button.cpp">
      <Filter>LeftBar</Filter>
    </ClCompile>
    <ClCompile Include="Logo.cpp">
      <Filter>LeftBar</Filter>
    </ClCompile>
    <ClCompile Include="MonthAndYear.cpp">
      <Filter>Middle</Filter>
    </ClCompile>
    <ClCompile Include="Functions.cpp">
      <Filter>Main</Filter>
    </ClCompile>
    <ClCompile Include="main.cpp">
      <Filter>Main</Filter>
    </ClCompile>
    <ClCompile Include="RightBarText.cpp">
      <Filter>RightBar</Filter>
    </ClCompile>
    <ClCompile Include="SidePanel.cpp">
      <Filter>Main</Filter>
    </ClCompile>
    <ClCompile Include="ColorPalettes.cpp">
      <Filter>Settings</Filter>
    </ClCompile>
    <ClCompile Include="Text.cpp">
      <Filter>Main</Filter>
    </ClCompile>
    <ClCompile Include="ScrollButton.cpp">
      <Filter>Settings</Filter>
    </ClCompile>
    <ClCompile Include="CreateYourOwnColorButton.cpp">
      <Filter>Settings</Filter>
    </ClCompile>
    <ClCompile Include="InputOutputManager.cpp">
      <Filter>RightBar</Filter>
    </ClCompile>
    <ClCompile Include="TextInputDrawing.cpp">
      <Filter>RightBar</Filter>
    </ClCompile>
  </ItemGroup>
  <ItemGroup>
    <ClInclude Include="Background.h">
      <Filter>Middle</Filter>
    </ClInclude>
    <ClInclude Include="DaysOfTheWeek.h">
      <Filter>Middle</Filter>
    </ClInclude>
    <ClInclude Include="DaysBoxes.h">
      <Filter>Middle</Filter>
    </ClInclude>
    <ClInclude Include="Button.h">
      <Filter>LeftBar</Filter>
    </ClInclude>
    <ClInclude Include="Logo.h">
      <Filter>LeftBar</Filter>
    </ClInclude>
    <ClInclude Include="MonthAndYear.h">
      <Filter>Middle</Filter>
    </ClInclude>
    <ClInclude Include="Functions.h">
      <Filter>Main</Filter>
    </ClInclude>
    <ClInclude Include="RightBarText.h">
      <Filter>RightBar</Filter>
    </ClInclude>
    <ClInclude Include="SidePanel.h">
      <Filter>Main</Filter>
    </ClInclude>
    <ClInclude Include="ColorPalettes.h">
      <Filter>Settings</Filter>
    </ClInclude>
    <ClInclude Include="ScrollButton.h">
      <Filter>Settings</Filter>
    </ClInclude>
    <ClInclude Include="CreateYourOwnColorButton.h">
      <Filter>Settings</Filter>
    </ClInclude>
    <ClInclude Include="Text.h">
      <Filter>Main</Filter>
    </ClInclude>
    <ClInclude Include="InputOutputManager.h">
      <Filter>RightBar</Filter>
    </ClInclude>
    <ClInclude Include="TextInputDrawing.h">
      <Filter>RightBar</Filter>
    </ClInclude>
  </ItemGroup>
</Project>