<?xml version="1.0" encoding="utf-8"?>
<Project ToolsVersion="4.0" xmlns="http://schemas.microsoft.com/developer/msbuild/2003">
  <ItemGroup>
    <Filter Include="LeftBar">
      <UniqueIdentifier>{55df4521-ac56-4d73-9274-0c20095048b7}</UniqueIdentifier>
    </Filter>
    <Filter Include="Middle">
      <UniqueIdentifier>{93995380-89BD-4b04-88EB-625FBE52EBFB}</UniqueIdentifier>
      <Extensions>h;hh;hpp;hxx;h++;hm;inl;inc;ipp;xsd</Extensions>
    </Filter>
    <Filter Include="Main">
      <UniqueIdentifier>{4FC737F1-C7A5-4376-A066-2A32D752A2FF}</UniqueIdentifier>
      <Extensions>cpp;c;cc;cxx;c++;cppm;ixx;def;odl;idl;hpj;bat;asm;asmx</Extensions>
    </Filter>
  </ItemGroup>
  <ItemGroup>
    <ClCompile Include="main.cpp">
      <Filter>Main</Filter>
    </ClCompile>
    <ClCompile Include="LeftBar.cpp">
      <Filter>LeftBar</Filter>
    </ClCompile>
    <ClCompile Include="DaysOfTheWeek.cpp">
      <Filter>Middle</Filter>
    </ClCompile>
    <ClCompile Include="Background.cpp">
      <Filter>Middle</Filter>
    </ClCompile>
    <ClCompile Include="DaysBoxes.cpp">
      <Filter>Middle</Filter>
    </ClCompile>
    <ClCompile Include="Button.cpp">
      <Filter>LeftBar</Filter>
    </ClCompile>
    <ClCompile Include="Logo.cpp">
      <Filter>LeftBar</Filter>
    </ClCompile>
    <ClCompile Include="MonthAndYear.cpp">
      <Filter>Middle</Filter>
    </ClCompile>
  </ItemGroup>
  <ItemGroup>
    <ClInclude Include="Background.h">
      <Filter>Middle</Filter>
    </ClInclude>
    <ClInclude Include="DaysOfTheWeek.h">
      <Filter>Middle</Filter>
    </ClInclude>
    <ClInclude Include="DaysBoxes.h">
      <Filter>Middle</Filter>
    </ClInclude>
    <ClInclude Include="LeftBar.h">
      <Filter>LeftBar</Filter>
    </ClInclude>
    <ClInclude Include="Button.h">
      <Filter>LeftBar</Filter>
    </ClInclude>
    <ClInclude Include="Logo.h">
      <Filter>LeftBar</Filter>
    </ClInclude>
    <ClInclude Include="MonthAndYear.h">
      <Filter>Middle</Filter>
    </ClInclude>
  </ItemGroup>
</Project>